
Microsoft Visual Studio Solution File, Format Version 12.00
# Visual Studio Version 17
VisualStudioVersion = 17.3.32922.545
MinimumVisualStudioVersion = 10.0.40219.1
Project("{FAE04EC0-301F-11D3-BF4B-00C04F79EFBC}") = "ConsoleApp", "ConsoleApp\ConsoleApp.csproj", "{55BBB9DA-6A20-4E62-85D3-8466DB30DE4E}"
EndProject
Project("{FAE04EC0-301F-11D3-BF4B-00C04F79EFBC}") = "ConsoleAppTest.nUnitTests", "ConsoleAppTest\ConsoleAppTest.nUnitTests.csproj", "{55D1D43E-1A78-44BE-8328-3685700764E0}"
EndProject
Global
	GlobalSection(SolutionConfigurationPlatforms) = preSolution
		Debug|Any CPU = Debug|Any CPU
		Release|Any CPU = Release|Any CPU
	EndGlobalSection
	GlobalSection(ProjectConfigurationPlatforms) = postSolution
		{55BBB9DA-6A20-4E62-85D3-8466DB30DE4E}.Debug|Any CPU.ActiveCfg = Debug|Any CPU
		{55BBB9DA-6A20-4E62-85D3-8466DB30DE4E}.Debug|Any CPU.Build.0 = Debug|Any CPU
		{55BBB9DA-6A20-4E62-85D3-8466DB30DE4E}.Release|Any CPU.ActiveCfg = Release|Any CPU
		{55BBB9DA-6A20-4E62-85D3-8466DB30DE4E}.Release|Any CPU.Build.0 = Release|Any CPU
		{55D1D43E-1A78-44BE-8328-3685700764E0}.Debug|Any CPU.ActiveCfg = Debug|Any CPU
		{55D1D43E-1A78-44BE-8328-3685700764E0}.Debug|Any CPU.Build.0 = Debug|Any CPU
		{55D1D43E-1A78-44BE-8328-3685700764E0}.Release|Any CPU.ActiveCfg = Release|Any CPU
		{55D1D43E-1A78-44BE-8328-3685700764E0}.Release|Any CPU.Build.0 = Release|Any CPU
	EndGlobalSection
	GlobalSection(SolutionProperties) = preSolution
		HideSolutionNode = FALSE
	EndGlobalSection
	GlobalSection(ExtensibilityGlobals) = postSolution
		SolutionGuid = {25C03D30-537E-4C00-8075-065B6CDB6D91}
	EndGlobalSection
EndGlobal
